<?xml version="1.0" encoding="utf-8"?>
<Project ToolsVersion="4.0" xmlns="http://schemas.microsoft.com/developer/msbuild/2003">
  <ItemGroup>
    <ClCompile Include="InputMangager.cpp" />
    <ClCompile Include="source\EventManager.cpp" />
    <ClCompile Include="source\FrameManager.cpp" />
    <ClCompile Include="source\GameObject.cpp" />
    <ClCompile Include="source\LinearMovement.cpp" />
    <ClCompile Include="source\main.cpp" />
    <ClCompile Include="source\ObjectManager.cpp" />
    <ClCompile Include="source\PixelPosition.cpp" />
    <ClCompile Include="source\PlayerShip.cpp" />
    <ClCompile Include="source\SpriteDrawing.cpp" />
    <ClCompile Include="source\Game.cpp" />
  </ItemGroup>
  <ItemGroup>
    <ClInclude Include="include\EComponentType.h" />
    <ClInclude Include="include\EventManager.h" />
    <ClInclude Include="include\FrameManager.h" />
    <ClInclude Include="include\GameObject.h" />
    <ClInclude Include="include\IComponent.h" />
    <ClInclude Include="include\IDrawing.h" />
    <ClInclude Include="include\IEventObserver.h" />
    <ClInclude Include="include\IFrameObserver.h" />
    <ClInclude Include="include\IMovement.h" />
    <ClInclude Include="include\IPosition.h" />
    <ClInclude Include="include\LinearMovement.h" />
    <ClInclude Include="include\ObjectManager.h" />
    <ClInclude Include="include\PixelPosition.h" />
    <ClInclude Include="include\PlayerShip.h" />
    <ClInclude Include="include\SpriteDrawing.h" />
    <ClInclude Include="InputMangager.h" />
    <ClInclude Include="include\Game.h" />
  </ItemGroup>
</Project>