<?xml version="1.0" encoding="utf-8"?>
<Project ToolsVersion="4.0" xmlns="http://schemas.microsoft.com/developer/msbuild/2003">
  <ItemGroup>
    <Filter Include="Source Files">
      <UniqueIdentifier>{4FC737F1-C7A5-4376-A066-2A32D752A2FF}</UniqueIdentifier>
      <Extensions>cpp;c;cc;cxx;def;odl;idl;hpj;bat;asm;asmx</Extensions>
    </Filter>
    <Filter Include="Header Files">
      <UniqueIdentifier>{93995380-89BD-4b04-88EB-625FBE52EBFB}</UniqueIdentifier>
      <Extensions>h;hh;hpp;hxx;hm;inl;inc;xsd</Extensions>
    </Filter>
    <Filter Include="Resource Files">
      <UniqueIdentifier>{67DA6AB6-F800-4c08-8B7A-83BB121AAD01}</UniqueIdentifier>
      <Extensions>rc;ico;cur;bmp;dlg;rc2;rct;bin;rgs;gif;jpg;jpeg;jpe;resx;tiff;tif;png;wav;mfcribbon-ms</Extensions>
    </Filter>
    <Filter Include="Source Files\Components">
      <UniqueIdentifier>{210d81e4-3b7b-48c5-adc1-9a94b73abaec}</UniqueIdentifier>
    </Filter>
    <Filter Include="Source Files\Components\IDrawing">
      <UniqueIdentifier>{30c104aa-8738-4f27-96a9-8598d15bd4b0}</UniqueIdentifier>
    </Filter>
    <Filter Include="Source Files\Components\IMovement">
      <UniqueIdentifier>{8ef514b6-d092-49a7-872f-917a91e466db}</UniqueIdentifier>
    </Filter>
    <Filter Include="Source Files\Components\IPosition">
      <UniqueIdentifier>{2424a360-9fc8-402e-88d5-7e85cb95bb09}</UniqueIdentifier>
    </Filter>
    <Filter Include="Source Files\Managers">
      <UniqueIdentifier>{5e6a494d-04c0-43b0-97ce-7c29af2ca806}</UniqueIdentifier>
    </Filter>
    <Filter Include="Source Files\Managers\FrameManager">
      <UniqueIdentifier>{70486f01-7097-4f69-bef0-04deae621fce}</UniqueIdentifier>
    </Filter>
    <Filter Include="Source Files\Managers\ObjectManager">
      <UniqueIdentifier>{70f0477f-f729-4f42-bf33-d55954bb682e}</UniqueIdentifier>
    </Filter>
    <Filter Include="Source Files\GameObject">
      <UniqueIdentifier>{d9e602e6-5d61-48ee-a6ea-0e59eb4fa340}</UniqueIdentifier>
    </Filter>
    <Filter Include="Source Files\Managers\InputManager">
      <UniqueIdentifier>{dad23b8d-7774-4ffb-814e-578f6d5275f8}</UniqueIdentifier>
    </Filter>
    <Filter Include="Source Files\Managers\GameStateManager">
      <UniqueIdentifier>{94c03c0c-6bac-4f3a-8611-bafcc5e8a153}</UniqueIdentifier>
    </Filter>
    <Filter Include="Source Files\Components\IView">
      <UniqueIdentifier>{6e3bc2e6-3c81-445e-a629-ba5adc015dc8}</UniqueIdentifier>
    </Filter>
    <Filter Include="Source Files\Components\IHealth">
      <UniqueIdentifier>{15ea29d9-83b6-4d91-8292-a286bd2eb85e}</UniqueIdentifier>
    </Filter>
    <Filter Include="Source Files\Components\ICollision">
      <UniqueIdentifier>{8e9fbf21-bca6-41e3-93aa-449982165899}</UniqueIdentifier>
    </Filter>
    <Filter Include="Source Files\Managers\CollisionManager">
      <UniqueIdentifier>{b60cb567-e7c9-4977-837b-1a3356ab7003}</UniqueIdentifier>
    </Filter>
    <Filter Include="Source Files\Managers\WorldManager">
      <UniqueIdentifier>{c4c6b681-1d07-400b-9fe2-66556a543077}</UniqueIdentifier>
    </Filter>
    <Filter Include="Source Files\GameObject\Serializer">
      <UniqueIdentifier>{c09f9621-6e54-4348-88f7-07806ba8facc}</UniqueIdentifier>
    </Filter>
    <Filter Include="Source Files\External Frameworks">
      <UniqueIdentifier>{2859c1e5-1a68-4d7d-892e-df38f89f9aa9}</UniqueIdentifier>
    </Filter>
    <Filter Include="Source Files\External Frameworks\rapidxml">
      <UniqueIdentifier>{6a55d646-3d2c-4481-8ee9-ad9df2b41855}</UniqueIdentifier>
    </Filter>
    <Filter Include="Source Files\Components\IScore">
      <UniqueIdentifier>{4588d409-b870-4474-9055-c71377e6012e}</UniqueIdentifier>
    </Filter>
    <Filter Include="Source Files\Components\INavigation">
      <UniqueIdentifier>{a13417ff-5e25-4fc9-9a24-7863e714be61}</UniqueIdentifier>
    </Filter>
    <Filter Include="Source Files\Components\IAI">
      <UniqueIdentifier>{59d9dc2e-efa0-438d-b05b-13e41064b327}</UniqueIdentifier>
    </Filter>
    <Filter Include="Source Files\Managers\AIManager">
      <UniqueIdentifier>{d66c2349-8f27-448c-842c-fe264dad4eed}</UniqueIdentifier>
    </Filter>
    <Filter Include="Source Files\External Frameworks\eventbus">
      <UniqueIdentifier>{66fc46a0-dc70-4195-85e6-dd74879cc219}</UniqueIdentifier>
    </Filter>
    <Filter Include="Source Files\Events">
      <UniqueIdentifier>{677c3114-b726-4103-8a16-380dc778282c}</UniqueIdentifier>
    </Filter>
    <Filter Include="Source Files\Managers\GUIManager">
      <UniqueIdentifier>{485b9d44-3770-4306-b412-4bbdd9c42172}</UniqueIdentifier>
    </Filter>
    <Filter Include="Source Files\Components\ILogic">
      <UniqueIdentifier>{343fe177-11da-4656-9d22-28c6241a59e5}</UniqueIdentifier>
    </Filter>
    <Filter Include="Source Files\Components\IEngine">
      <UniqueIdentifier>{9e5c51ca-a49e-4344-a421-2305358b7e2f}</UniqueIdentifier>
    </Filter>
  </ItemGroup>
  <ItemGroup>
    <ClCompile Include="source\main.cpp">
      <Filter>Source Files</Filter>
    </ClCompile>
    <ClCompile Include="source\LinearMovement.cpp">
      <Filter>Source Files\Components\IMovement</Filter>
    </ClCompile>
    <ClCompile Include="source\PixelPosition.cpp">
      <Filter>Source Files\Components\IPosition</Filter>
    </ClCompile>
    <ClCompile Include="source\SpriteDrawing.cpp">
      <Filter>Source Files\Components\IDrawing</Filter>
    </ClCompile>
    <ClCompile Include="source\FrameManager.cpp">
      <Filter>Source Files\Managers\FrameManager</Filter>
    </ClCompile>
    <ClCompile Include="source\ObjectManager.cpp">
      <Filter>Source Files\Managers\ObjectManager</Filter>
    </ClCompile>
    <ClCompile Include="source\GameObject.cpp">
      <Filter>Source Files\GameObject</Filter>
    </ClCompile>
    <ClCompile Include="source\InputManager.cpp">
      <Filter>Source Files\Managers\InputManager</Filter>
    </ClCompile>
    <ClCompile Include="source\Game.cpp">
      <Filter>Source Files</Filter>
    </ClCompile>
    <ClCompile Include="source\ShipMovement.cpp">
      <Filter>Source Files\Components\IMovement</Filter>
    </ClCompile>
    <ClCompile Include="source\GameStatePlay.cpp">
      <Filter>Source Files\Managers\GameStateManager</Filter>
    </ClCompile>
    <ClCompile Include="source\GameStateIntro.cpp">
      <Filter>Source Files\Managers\GameStateManager</Filter>
    </ClCompile>
    <ClCompile Include="source\GameObjectFactory.cpp">
      <Filter>Source Files\GameObject</Filter>
    </ClCompile>
    <ClCompile Include="source\FontDrawing.cpp">
      <Filter>Source Files\Components\IDrawing</Filter>
    </ClCompile>
    <ClCompile Include="source\DynamicView.cpp">
      <Filter>Source Files\Components\IView</Filter>
    </ClCompile>
    <ClCompile Include="source\CircleCollision.cpp">
      <Filter>Source Files\Components\ICollision</Filter>
    </ClCompile>
    <ClCompile Include="source\CollisionManager.cpp">
      <Filter>Source Files\Managers\CollisionManager</Filter>
    </ClCompile>
    <ClCompile Include="source\Quadrant.cpp">
      <Filter>Source Files\Managers\WorldManager</Filter>
    </ClCompile>
    <ClCompile Include="source\WorldManager.cpp">
      <Filter>Source Files\Managers\WorldManager</Filter>
    </ClCompile>
    <ClCompile Include="source\QuadrantPosition.cpp">
      <Filter>Source Files\Components\IPosition</Filter>
    </ClCompile>
    <ClCompile Include="source\BoxCollision.cpp">
      <Filter>Source Files\Components\ICollision</Filter>
    </ClCompile>
    <ClCompile Include="source\HealthAsteroid.cpp">
      <Filter>Source Files\Components\IHealth</Filter>
    </ClCompile>
    <ClCompile Include="source\HealthMissile.cpp">
      <Filter>Source Files\Components\IHealth</Filter>
    </ClCompile>
    <ClCompile Include="source\HealthShip.cpp">
      <Filter>Source Files\Components\IHealth</Filter>
    </ClCompile>
    <ClCompile Include="source\GameStateGameOver.cpp">
      <Filter>Source Files\Managers\GameStateManager</Filter>
    </ClCompile>
    <ClCompile Include="source\StaticView.cpp">
      <Filter>Source Files\Components\IView</Filter>
    </ClCompile>
    <ClCompile Include="source\TextureFactory.cpp">
      <Filter>Source Files\Components\IDrawing</Filter>
    </ClCompile>
    <ClCompile Include="source\WorldObjectInformation.cpp">
      <Filter>Source Files\Managers\WorldManager</Filter>
    </ClCompile>
    <ClCompile Include="source\SerializeNode.cpp">
      <Filter>Source Files\GameObject\Serializer</Filter>
    </ClCompile>
    <ClCompile Include="source\XMLReadVisitor.cpp">
      <Filter>Source Files\GameObject\Serializer</Filter>
    </ClCompile>
    <ClCompile Include="source\XMLWriteVisitor.cpp">
      <Filter>Source Files\GameObject\Serializer</Filter>
    </ClCompile>
    <ClCompile Include="source\ResearchScore.cpp">
      <Filter>Source Files\Components\IScore</Filter>
    </ClCompile>
    <ClCompile Include="source\NavigationCursor.cpp">
      <Filter>Source Files\Components\INavigation</Filter>
    </ClCompile>
    <ClCompile Include="source\HealthExplosion.cpp">
      <Filter>Source Files\Components\IHealth</Filter>
    </ClCompile>
    <ClCompile Include="source\GameStatePause.cpp">
      <Filter>Source Files\Managers\GameStateManager</Filter>
    </ClCompile>
    <ClCompile Include="source\AIManager.cpp">
      <Filter>Source Files\Managers\AIManager</Filter>
    </ClCompile>
    <ClCompile Include="source\stdafx.cpp">
      <Filter>Source Files</Filter>
    </ClCompile>
    <ClCompile Include="include\eventbus\EventBus.cpp">
      <Filter>Source Files\External Frameworks\eventbus</Filter>
    </ClCompile>
    <ClCompile Include="source\GUIManager.cpp">
      <Filter>Source Files\Managers\GUIManager</Filter>
    </ClCompile>
    <ClCompile Include="source\GUIPlayerStatus.cpp">
      <Filter>Source Files\Managers\GUIManager</Filter>
    </ClCompile>
    <ClCompile Include="source\AIStateFlee.cpp">
      <Filter>Source Files\Components\IAI</Filter>
    </ClCompile>
    <ClCompile Include="source\AIStateRam.cpp">
      <Filter>Source Files\Components\IAI</Filter>
    </ClCompile>
    <ClCompile Include="source\SimpleAI.cpp">
      <Filter>Source Files\Components\IAI</Filter>
    </ClCompile>
    <ClCompile Include="source\AIStatePatrol.cpp">
      <Filter>Source Files\Components\IAI</Filter>
    </ClCompile>
    <ClCompile Include="source\LogicScore.cpp">
      <Filter>Source Files\Components\ILogic</Filter>
    </ClCompile>
    <ClCompile Include="source\LogicTime.cpp">
      <Filter>Source Files\Components\ILogic</Filter>
    </ClCompile>
    <ClCompile Include="source\EngineEnergy.cpp">
      <Filter>Source Files\Components\IEngine</Filter>
    </ClCompile>
  </ItemGroup>
  <ItemGroup>
    <ClInclude Include="include\IComponent.h">
      <Filter>Source Files\Components</Filter>
    </ClInclude>
    <ClInclude Include="include\IDrawing.h">
      <Filter>Source Files\Components\IDrawing</Filter>
    </ClInclude>
    <ClInclude Include="include\LinearMovement.h">
      <Filter>Source Files\Components\IMovement</Filter>
    </ClInclude>
    <ClInclude Include="include\IMovement.h">
      <Filter>Source Files\Components\IMovement</Filter>
    </ClInclude>
    <ClInclude Include="include\IPosition.h">
      <Filter>Source Files\Components\IPosition</Filter>
    </ClInclude>
    <ClInclude Include="include\PixelPosition.h">
      <Filter>Source Files\Components\IPosition</Filter>
    </ClInclude>
    <ClInclude Include="include\SpriteDrawing.h">
      <Filter>Source Files\Components\IDrawing</Filter>
    </ClInclude>
    <ClInclude Include="include\FrameManager.h">
      <Filter>Source Files\Managers\FrameManager</Filter>
    </ClInclude>
    <ClInclude Include="include\ObjectManager.h">
      <Filter>Source Files\Managers\ObjectManager</Filter>
    </ClInclude>
    <ClInclude Include="include\GameObject.h">
      <Filter>Source Files\GameObject</Filter>
    </ClInclude>
    <ClInclude Include="include\IFrameObserver.h">
      <Filter>Source Files\Managers\FrameManager</Filter>
    </ClInclude>
    <ClInclude Include="include\IInputObserver.h">
      <Filter>Source Files\Managers\InputManager</Filter>
    </ClInclude>
    <ClInclude Include="include\InputManager.h">
      <Filter>Source Files\Managers\InputManager</Filter>
    </ClInclude>
    <ClInclude Include="include\Game.h">
      <Filter>Source Files</Filter>
    </ClInclude>
    <ClInclude Include="include\EComponentType.h">
      <Filter>Source Files\Components</Filter>
    </ClInclude>
    <ClInclude Include="include\ShipMovement.h">
      <Filter>Source Files\Components\IMovement</Filter>
    </ClInclude>
    <ClInclude Include="include\GameStatePlay.h">
      <Filter>Source Files\Managers\GameStateManager</Filter>
    </ClInclude>
    <ClInclude Include="include\IGameState.h">
      <Filter>Source Files\Managers\GameStateManager</Filter>
    </ClInclude>
    <ClInclude Include="include\GameStateIntro.h">
      <Filter>Source Files\Managers\GameStateManager</Filter>
    </ClInclude>
    <ClInclude Include="include\GameObjectFactory.h">
      <Filter>Source Files\GameObject</Filter>
    </ClInclude>
    <ClInclude Include="include\IView.h">
      <Filter>Source Files\Components\IView</Filter>
    </ClInclude>
    <ClInclude Include="include\FontDrawing.h">
      <Filter>Source Files\Components\IDrawing</Filter>
    </ClInclude>
    <ClInclude Include="include\IHealth.h">
      <Filter>Source Files\Components\IHealth</Filter>
    </ClInclude>
    <ClInclude Include="include\DynamicView.h">
      <Filter>Source Files\Components\IView</Filter>
    </ClInclude>
    <ClInclude Include="include\ICollision.h">
      <Filter>Source Files\Components\ICollision</Filter>
    </ClInclude>
    <ClInclude Include="include\CircleCollision.h">
      <Filter>Source Files\Components\ICollision</Filter>
    </ClInclude>
    <ClInclude Include="include\CollisionManager.h">
      <Filter>Source Files\Managers\CollisionManager</Filter>
    </ClInclude>
    <ClInclude Include="include\WorldManager.h">
      <Filter>Source Files\Managers\WorldManager</Filter>
    </ClInclude>
    <ClInclude Include="include\EQuadrantPos.h">
      <Filter>Source Files\Managers\WorldManager</Filter>
    </ClInclude>
    <ClInclude Include="include\IQuadrantObserver.h">
      <Filter>Source Files\Managers\WorldManager</Filter>
    </ClInclude>
    <ClInclude Include="include\Quadrant.h">
      <Filter>Source Files\Managers\WorldManager</Filter>
    </ClInclude>
    <ClInclude Include="include\QuadrantPosition.h">
      <Filter>Source Files\Components\IPosition</Filter>
    </ClInclude>
    <ClInclude Include="include\BoxCollision.h">
      <Filter>Source Files\Components\ICollision</Filter>
    </ClInclude>
    <ClInclude Include="include\HealthAsteroid.h">
      <Filter>Source Files\Components\IHealth</Filter>
    </ClInclude>
    <ClInclude Include="include\HealthMissile.h">
      <Filter>Source Files\Components\IHealth</Filter>
    </ClInclude>
    <ClInclude Include="include\HealthShip.h">
      <Filter>Source Files\Components\IHealth</Filter>
    </ClInclude>
    <ClInclude Include="include\ICollisionEventObserver.h">
      <Filter>Source Files\Managers\CollisionManager</Filter>
    </ClInclude>
    <ClInclude Include="include\GameStateGameOver.h">
      <Filter>Source Files\Managers\GameStateManager</Filter>
    </ClInclude>
    <ClInclude Include="include\StaticView.h">
      <Filter>Source Files\Components\IView</Filter>
    </ClInclude>
    <ClInclude Include="include\TextureFactory.h">
      <Filter>Source Files\Components\IDrawing</Filter>
    </ClInclude>
    <ClInclude Include="include\EWorldObjectType.h">
      <Filter>Source Files\Managers\WorldManager</Filter>
    </ClInclude>
    <ClInclude Include="include\LongRect.h">
      <Filter>Source Files\Managers\WorldManager</Filter>
    </ClInclude>
    <ClInclude Include="include\WorldObjectInformation.h">
      <Filter>Source Files\Managers\WorldManager</Filter>
    </ClInclude>
    <ClInclude Include="include\ClassRegistry.h">
      <Filter>Source Files\GameObject\Serializer</Filter>
    </ClInclude>
    <ClInclude Include="include\ESerializeNodeType.h">
      <Filter>Source Files\GameObject\Serializer</Filter>
    </ClInclude>
    <ClInclude Include="include\INodeVisitor.h">
      <Filter>Source Files\GameObject\Serializer</Filter>
    </ClInclude>
    <ClInclude Include="include\SerializeNode.h">
      <Filter>Source Files\GameObject\Serializer</Filter>
    </ClInclude>
    <ClInclude Include="include\XMLReadVisitor.h">
      <Filter>Source Files\GameObject\Serializer</Filter>
    </ClInclude>
    <ClInclude Include="include\XMLWriteVisitor.h">
      <Filter>Source Files\GameObject\Serializer</Filter>
    </ClInclude>
    <ClInclude Include="include\rapidxml\rapidxml.hpp">
      <Filter>Source Files\External Frameworks\rapidxml</Filter>
    </ClInclude>
    <ClInclude Include="include\rapidxml\rapidxml_iterators.hpp">
      <Filter>Source Files\External Frameworks\rapidxml</Filter>
    </ClInclude>
    <ClInclude Include="include\rapidxml\rapidxml_print.hpp">
      <Filter>Source Files\External Frameworks\rapidxml</Filter>
    </ClInclude>
    <ClInclude Include="include\rapidxml\rapidxml_utils.hpp">
      <Filter>Source Files\External Frameworks\rapidxml</Filter>
    </ClInclude>
    <ClInclude Include="include\IScore.h">
      <Filter>Source Files\Components\IScore</Filter>
    </ClInclude>
    <ClInclude Include="include\EGameState.h">
      <Filter>Source Files\Managers\GameStateManager</Filter>
    </ClInclude>
    <ClInclude Include="include\ResearchScore.h">
      <Filter>Source Files\Components\IScore</Filter>
    </ClInclude>
    <ClInclude Include="include\INavigation.h">
      <Filter>Source Files\Components\INavigation</Filter>
    </ClInclude>
    <ClInclude Include="include\NavigationCursor.h">
      <Filter>Source Files\Components\INavigation</Filter>
    </ClInclude>
    <ClInclude Include="include\HealthExplosion.h">
      <Filter>Source Files\Components\IHealth</Filter>
    </ClInclude>
    <ClInclude Include="include\GameStatePause.h">
      <Filter>Source Files\Managers\GameStateManager</Filter>
    </ClInclude>
    <ClInclude Include="include\IAI.h">
      <Filter>Source Files\Components\IAI</Filter>
    </ClInclude>
    <ClInclude Include="include\AIManager.h">
      <Filter>Source Files\Managers\AIManager</Filter>
    </ClInclude>
    <ClInclude Include="include\IAIObserver.h">
      <Filter>Source Files\Managers\AIManager</Filter>
    </ClInclude>
    <ClInclude Include="include\stdafx.h">
      <Filter>Source Files</Filter>
    </ClInclude>
    <ClInclude Include="include\eventbus\Event.hpp">
      <Filter>Source Files\External Frameworks\eventbus</Filter>
    </ClInclude>
    <ClInclude Include="include\eventbus\EventBus.hpp">
      <Filter>Source Files\External Frameworks\eventbus</Filter>
    </ClInclude>
    <ClInclude Include="include\eventbus\EventHandler.hpp">
      <Filter>Source Files\External Frameworks\eventbus</Filter>
    </ClInclude>
    <ClInclude Include="include\eventbus\HandlerRegistration.hpp">
      <Filter>Source Files\External Frameworks\eventbus</Filter>
    </ClInclude>
    <ClInclude Include="include\eventbus\Object.hpp">
      <Filter>Source Files\External Frameworks\eventbus</Filter>
    </ClInclude>
    <ClInclude Include="include\PlayerDamageEvent.h">
      <Filter>Source Files\Events</Filter>
    </ClInclude>
    <ClInclude Include="include\GUIManager.h">
      <Filter>Source Files\Managers\GUIManager</Filter>
    </ClInclude>
    <ClInclude Include="include\IGUI.h">
      <Filter>Source Files\Managers\GUIManager</Filter>
    </ClInclude>
    <ClInclude Include="include\GUIPlayerStatus.h">
      <Filter>Source Files\Managers\GUIManager</Filter>
    </ClInclude>
    <ClInclude Include="include\PlayerShieldRegenerationEvent.h">
      <Filter>Source Files\Events</Filter>
    </ClInclude>
    <ClInclude Include="include\ScoreEvent.h">
      <Filter>Source Files\Events</Filter>
    </ClInclude>
    <ClInclude Include="include\AIStateFlee.h">
      <Filter>Source Files\Components\IAI</Filter>
    </ClInclude>
    <ClInclude Include="include\AIStateRam.h">
      <Filter>Source Files\Components\IAI</Filter>
    </ClInclude>
    <ClInclude Include="include\IAIState.h">
      <Filter>Source Files\Components\IAI</Filter>
    </ClInclude>
    <ClInclude Include="include\SimpleAI.h">
      <Filter>Source Files\Components\IAI</Filter>
    </ClInclude>
    <ClInclude Include="include\AIStatePatrol.h">
      <Filter>Source Files\Components\IAI</Filter>
    </ClInclude>
    <ClInclude Include="include\ELogicType.h">
      <Filter>Source Files\Components\ILogic</Filter>
    </ClInclude>
    <ClInclude Include="include\ILogic.h">
      <Filter>Source Files\Components\ILogic</Filter>
    </ClInclude>
    <ClInclude Include="include\LogicScore.h">
      <Filter>Source Files\Components\ILogic</Filter>
    </ClInclude>
    <ClInclude Include="include\LogicTime.h">
      <Filter>Source Files\Components\ILogic</Filter>
    </ClInclude>
    <ClInclude Include="include\IEngine.h">
      <Filter>Source Files\Components\IEngine</Filter>
    </ClInclude>
    <ClInclude Include="include\EngineEnergy.h">
      <Filter>Source Files\Components\IEngine</Filter>
    </ClInclude>
  </ItemGroup>
</Project>